Microsoft Visual Studio Solution File, Format Version 12.00
# Visual Studio Version 17
VisualStudioVersion = 17.13.35825.156
MinimumVisualStudioVersion = 10.0.40219.1
Project("{54A90642-561A-4BB1-A94E-469ADEE60C69}") = "ecommerceapi.client", "ecommerceapi.client\ecommerceapi.client.esproj", "{4F1B2BE4-01AE-93BE-F1CA-1860954988EC}"
EndProject
Project("{FAE04EC0-301F-11D3-BF4B-00C04F79EFBC}") = "EcommerceApi.Server", "EcommerceApi.Server\EcommerceApi.Server.csproj", "{1D2D539B-8B25-4B77-A953-39CD525E898F}"
EndProject
Global
	GlobalSection(SolutionConfigurationPlatforms) = preSolution
		Debug|Any CPU = Debug|Any CPU
		Release|Any CPU = Release|Any CPU
	EndGlobalSection
	GlobalSection(ProjectConfigurationPlatforms) = postSolution
		{4F1B2BE4-01AE-93BE-F1CA-1860954988EC}.Debug|Any CPU.ActiveCfg = Debug|Any CPU
		{4F1B2BE4-01AE-93BE-F1CA-1860954988EC}.Debug|Any CPU.Build.0 = Debug|Any CPU
		{4F1B2BE4-01AE-93BE-F1CA-1860954988EC}.Debug|Any CPU.Deploy.0 = Debug|Any CPU
		{4F1B2BE4-01AE-93BE-F1CA-1860954988EC}.Release|Any CPU.ActiveCfg = Release|Any CPU
		{4F1B2BE4-01AE-93BE-F1CA-1860954988EC}.Release|Any CPU.Build.0 = Release|Any CPU
		{4F1B2BE4-01AE-93BE-F1CA-1860954988EC}.Release|Any CPU.Deploy.0 = Release|Any CPU
		{1D2D539B-8B25-4B77-A953-39CD525E898F}.Debug|Any CPU.ActiveCfg = Debug|Any CPU
		{1D2D539B-8B25-4B77-A953-39CD525E898F}.Debug|Any CPU.Build.0 = Debug|Any CPU
		{1D2D539B-8B25-4B77-A953-39CD525E898F}.Release|Any CPU.ActiveCfg = Release|Any CPU
		{1D2D539B-8B25-4B77-A953-39CD525E898F}.Release|Any CPU.Build.0 = Release|Any CPU
	EndGlobalSection
	GlobalSection(SolutionProperties) = preSolution
		HideSolutionNode = FALSE
	EndGlobalSection
	GlobalSection(ExtensibilityGlobals) = postSolution
		SolutionGuid = {5BD7D78C-151E-4DD1-AFCA-6B70A9621BBA}
	EndGlobalSection
EndGlobal
